// !$*UTF8*$!
{
	archiveVersion = 1;
	classes = {
	};
	objectVersion = 46;
	objects = {

/* Begin PBXBuildFile section */
		060E4B9A187D8ED40011FC22 /* test_menpai_base.png in Resources */ = {isa = PBXBuildFile; fileRef = 060E4B99187D8ED40011FC22 /* test_menpai_base.png */; };
		060E4B9E187D906B0011FC22 /* WLGrapicsUtilitites.m in Sources */ = {isa = PBXBuildFile; fileRef = 060E4B9D187D906B0011FC22 /* WLGrapicsUtilitites.m */; };
		841C5E41187D6EC700FE3ABD /* WLMenPai.m in Sources */ = {isa = PBXBuildFile; fileRef = 841C5E40187D6EC700FE3ABD /* WLMenPai.m */; };
		841C5E46187D74FB00FE3ABD /* test_bg.png in Resources */ = {isa = PBXBuildFile; fileRef = 841C5E42187D74FB00FE3ABD /* test_bg.png */; };
		841C5E47187D74FB00FE3ABD /* test_grid.png in Resources */ = {isa = PBXBuildFile; fileRef = 841C5E43187D74FB00FE3ABD /* test_grid.png */; };
		841C5E48187D74FB00FE3ABD /* test_restroom.png in Resources */ = {isa = PBXBuildFile; fileRef = 841C5E44187D74FB00FE3ABD /* test_restroom.png */; };
		841C5E49187D74FB00FE3ABD /* test_selected.png in Resources */ = {isa = PBXBuildFile; fileRef = 841C5E45187D74FB00FE3ABD /* test_selected.png */; };
		84832528187D52BB00365C6F /* Foundation.framework in Frameworks */ = {isa = PBXBuildFile; fileRef = 84832527187D52BB00365C6F /* Foundation.framework */; };
		8483252A187D52BB00365C6F /* CoreGraphics.framework in Frameworks */ = {isa = PBXBuildFile; fileRef = 84832529187D52BB00365C6F /* CoreGraphics.framework */; };
		8483252C187D52BB00365C6F /* UIKit.framework in Frameworks */ = {isa = PBXBuildFile; fileRef = 8483252B187D52BB00365C6F /* UIKit.framework */; };
		8483252E187D52BB00365C6F /* SpriteKit.framework in Frameworks */ = {isa = PBXBuildFile; fileRef = 8483252D187D52BB00365C6F /* SpriteKit.framework */; };
		84832534187D52BB00365C6F /* InfoPlist.strings in Resources */ = {isa = PBXBuildFile; fileRef = 84832532187D52BB00365C6F /* InfoPlist.strings */; };
		84832536187D52BB00365C6F /* main.m in Sources */ = {isa = PBXBuildFile; fileRef = 84832535187D52BB00365C6F /* main.m */; };
		8483253A187D52BB00365C6F /* WLAppDelegate.m in Sources */ = {isa = PBXBuildFile; fileRef = 84832539187D52BB00365C6F /* WLAppDelegate.m */; };
		8483253D187D52BB00365C6F /* Main.storyboard in Resources */ = {isa = PBXBuildFile; fileRef = 8483253B187D52BB00365C6F /* Main.storyboard */; };
		84832540187D52BB00365C6F /* WLViewController.m in Sources */ = {isa = PBXBuildFile; fileRef = 8483253F187D52BB00365C6F /* WLViewController.m */; };
		84832543187D52BB00365C6F /* WLMyScene.m in Sources */ = {isa = PBXBuildFile; fileRef = 84832542187D52BB00365C6F /* WLMyScene.m */; };
		84832545187D52BB00365C6F /* Spaceship.png in Resources */ = {isa = PBXBuildFile; fileRef = 84832544187D52BB00365C6F /* Spaceship.png */; };
		84832547187D52BB00365C6F /* Images.xcassets in Resources */ = {isa = PBXBuildFile; fileRef = 84832546187D52BB00365C6F /* Images.xcassets */; };
		8483254E187D52BB00365C6F /* XCTest.framework in Frameworks */ = {isa = PBXBuildFile; fileRef = 8483254D187D52BB00365C6F /* XCTest.framework */; };
		8483254F187D52BB00365C6F /* Foundation.framework in Frameworks */ = {isa = PBXBuildFile; fileRef = 84832527187D52BB00365C6F /* Foundation.framework */; };
		84832550187D52BB00365C6F /* UIKit.framework in Frameworks */ = {isa = PBXBuildFile; fileRef = 8483252B187D52BB00365C6F /* UIKit.framework */; };
		84832558187D52BB00365C6F /* InfoPlist.strings in Resources */ = {isa = PBXBuildFile; fileRef = 84832556187D52BB00365C6F /* InfoPlist.strings */; };
		8483255A187D52BB00365C6F /* WuLinTests.m in Sources */ = {isa = PBXBuildFile; fileRef = 84832559187D52BB00365C6F /* WuLinTests.m */; };
		84832568187D55C500365C6F /* WLLayeredScene.m in Sources */ = {isa = PBXBuildFile; fileRef = 84832567187D55C500365C6F /* WLLayeredScene.m */; };
		8483256D187D569100365C6F /* WLLayerdNode.m in Sources */ = {isa = PBXBuildFile; fileRef = 8483256C187D569100365C6F /* WLLayerdNode.m */; };
		84832570187D589E00365C6F /* WLButtonNode.m in Sources */ = {isa = PBXBuildFile; fileRef = 8483256F187D589E00365C6F /* WLButtonNode.m */; };
		84832573187D590900365C6F /* WLBuildingNode.m in Sources */ = {isa = PBXBuildFile; fileRef = 84832572187D590900365C6F /* WLBuildingNode.m */; };
		84832576187D59AF00365C6F /* WLGridNode.m in Sources */ = {isa = PBXBuildFile; fileRef = 84832575187D59AF00365C6F /* WLGridNode.m */; };
/* End PBXBuildFile section */

/* Begin PBXContainerItemProxy section */
		84832551187D52BB00365C6F /* PBXContainerItemProxy */ = {
			isa = PBXContainerItemProxy;
			containerPortal = 8483251C187D52BB00365C6F /* Project object */;
			proxyType = 1;
			remoteGlobalIDString = 84832523187D52BB00365C6F;
			remoteInfo = WuLin;
		};
/* End PBXContainerItemProxy section */

/* Begin PBXFileReference section */
		060E4B99187D8ED40011FC22 /* test_menpai_base.png */ = {isa = PBXFileReference; lastKnownFileType = image.png; path = test_menpai_base.png; sourceTree = "<group>"; };
		060E4B9C187D906B0011FC22 /* WLGrapicsUtilitites.h */ = {isa = PBXFileReference; fileEncoding = 4; lastKnownFileType = sourcecode.c.h; path = WLGrapicsUtilitites.h; sourceTree = "<group>"; };
		060E4B9D187D906B0011FC22 /* WLGrapicsUtilitites.m */ = {isa = PBXFileReference; fileEncoding = 4; lastKnownFileType = sourcecode.c.objc; path = WLGrapicsUtilitites.m; sourceTree = "<group>"; };
		060E4BA0187D90D30011FC22 /* CommonHeader.h */ = {isa = PBXFileReference; fileEncoding = 4; lastKnownFileType = sourcecode.c.h; path = CommonHeader.h; sourceTree = "<group>"; };
		841C5E3F187D6EC700FE3ABD /* WLMenPai.h */ = {isa = PBXFileReference; fileEncoding = 4; lastKnownFileType = sourcecode.c.h; path = WLMenPai.h; sourceTree = "<group>"; };
		841C5E40187D6EC700FE3ABD /* WLMenPai.m */ = {isa = PBXFileReference; fileEncoding = 4; lastKnownFileType = sourcecode.c.objc; path = WLMenPai.m; sourceTree = "<group>"; };
		841C5E42187D74FB00FE3ABD /* test_bg.png */ = {isa = PBXFileReference; lastKnownFileType = image.png; path = test_bg.png; sourceTree = "<group>"; };
		841C5E43187D74FB00FE3ABD /* test_grid.png */ = {isa = PBXFileReference; lastKnownFileType = image.png; path = test_grid.png; sourceTree = "<group>"; };
		841C5E44187D74FB00FE3ABD /* test_restroom.png */ = {isa = PBXFileReference; lastKnownFileType = image.png; path = test_restroom.png; sourceTree = "<group>"; };
		841C5E45187D74FB00FE3ABD /* test_selected.png */ = {isa = PBXFileReference; lastKnownFileType = image.png; path = test_selected.png; sourceTree = "<group>"; };
		84832524187D52BB00365C6F /* WuLin.app */ = {isa = PBXFileReference; explicitFileType = wrapper.application; includeInIndex = 0; path = WuLin.app; sourceTree = BUILT_PRODUCTS_DIR; };
		84832527187D52BB00365C6F /* Foundation.framework */ = {isa = PBXFileReference; lastKnownFileType = wrapper.framework; name = Foundation.framework; path = System/Library/Frameworks/Foundation.framework; sourceTree = SDKROOT; };
		84832529187D52BB00365C6F /* CoreGraphics.framework */ = {isa = PBXFileReference; lastKnownFileType = wrapper.framework; name = CoreGraphics.framework; path = System/Library/Frameworks/CoreGraphics.framework; sourceTree = SDKROOT; };
		8483252B187D52BB00365C6F /* UIKit.framework */ = {isa = PBXFileReference; lastKnownFileType = wrapper.framework; name = UIKit.framework; path = System/Library/Frameworks/UIKit.framework; sourceTree = SDKROOT; };
		8483252D187D52BB00365C6F /* SpriteKit.framework */ = {isa = PBXFileReference; lastKnownFileType = wrapper.framework; name = SpriteKit.framework; path = System/Library/Frameworks/SpriteKit.framework; sourceTree = SDKROOT; };
		84832531187D52BB00365C6F /* WuLin-Info.plist */ = {isa = PBXFileReference; lastKnownFileType = text.plist.xml; path = "WuLin-Info.plist"; sourceTree = "<group>"; };
		84832533187D52BB00365C6F /* en */ = {isa = PBXFileReference; lastKnownFileType = text.plist.strings; name = en; path = en.lproj/InfoPlist.strings; sourceTree = "<group>"; };
		84832535187D52BB00365C6F /* main.m */ = {isa = PBXFileReference; lastKnownFileType = sourcecode.c.objc; path = main.m; sourceTree = "<group>"; };
		84832537187D52BB00365C6F /* WuLin-Prefix.pch */ = {isa = PBXFileReference; lastKnownFileType = sourcecode.c.h; path = "WuLin-Prefix.pch"; sourceTree = "<group>"; };
		84832538187D52BB00365C6F /* WLAppDelegate.h */ = {isa = PBXFileReference; lastKnownFileType = sourcecode.c.h; path = WLAppDelegate.h; sourceTree = "<group>"; };
		84832539187D52BB00365C6F /* WLAppDelegate.m */ = {isa = PBXFileReference; lastKnownFileType = sourcecode.c.objc; path = WLAppDelegate.m; sourceTree = "<group>"; };
		8483253C187D52BB00365C6F /* Base */ = {isa = PBXFileReference; lastKnownFileType = file.storyboard; name = Base; path = Base.lproj/Main.storyboard; sourceTree = "<group>"; };
		8483253E187D52BB00365C6F /* WLViewController.h */ = {isa = PBXFileReference; lastKnownFileType = sourcecode.c.h; path = WLViewController.h; sourceTree = "<group>"; };
		8483253F187D52BB00365C6F /* WLViewController.m */ = {isa = PBXFileReference; lastKnownFileType = sourcecode.c.objc; path = WLViewController.m; sourceTree = "<group>"; };
		84832541187D52BB00365C6F /* WLMyScene.h */ = {isa = PBXFileReference; lastKnownFileType = sourcecode.c.h; path = WLMyScene.h; sourceTree = "<group>"; };
		84832542187D52BB00365C6F /* WLMyScene.m */ = {isa = PBXFileReference; lastKnownFileType = sourcecode.c.objc; path = WLMyScene.m; sourceTree = "<group>"; };
		84832544187D52BB00365C6F /* Spaceship.png */ = {isa = PBXFileReference; lastKnownFileType = image.png; path = Spaceship.png; sourceTree = "<group>"; };
		84832546187D52BB00365C6F /* Images.xcassets */ = {isa = PBXFileReference; lastKnownFileType = folder.assetcatalog; path = Images.xcassets; sourceTree = "<group>"; };
		8483254C187D52BB00365C6F /* WuLinTests.xctest */ = {isa = PBXFileReference; explicitFileType = wrapper.cfbundle; includeInIndex = 0; path = WuLinTests.xctest; sourceTree = BUILT_PRODUCTS_DIR; };
		8483254D187D52BB00365C6F /* XCTest.framework */ = {isa = PBXFileReference; lastKnownFileType = wrapper.framework; name = XCTest.framework; path = Library/Frameworks/XCTest.framework; sourceTree = DEVELOPER_DIR; };
		84832555187D52BB00365C6F /* WuLinTests-Info.plist */ = {isa = PBXFileReference; lastKnownFileType = text.plist.xml; path = "WuLinTests-Info.plist"; sourceTree = "<group>"; };
		84832557187D52BB00365C6F /* en */ = {isa = PBXFileReference; lastKnownFileType = text.plist.strings; name = en; path = en.lproj/InfoPlist.strings; sourceTree = "<group>"; };
		84832559187D52BB00365C6F /* WuLinTests.m */ = {isa = PBXFileReference; lastKnownFileType = sourcecode.c.objc; path = WuLinTests.m; sourceTree = "<group>"; };
		84832566187D55C500365C6F /* WLLayeredScene.h */ = {isa = PBXFileReference; fileEncoding = 4; lastKnownFileType = sourcecode.c.h; path = WLLayeredScene.h; sourceTree = "<group>"; };
		84832567187D55C500365C6F /* WLLayeredScene.m */ = {isa = PBXFileReference; fileEncoding = 4; lastKnownFileType = sourcecode.c.objc; path = WLLayeredScene.m; sourceTree = "<group>"; };
		8483256B187D569100365C6F /* WLLayerdNode.h */ = {isa = PBXFileReference; fileEncoding = 4; lastKnownFileType = sourcecode.c.h; path = WLLayerdNode.h; sourceTree = "<group>"; };
		8483256C187D569100365C6F /* WLLayerdNode.m */ = {isa = PBXFileReference; fileEncoding = 4; lastKnownFileType = sourcecode.c.objc; path = WLLayerdNode.m; sourceTree = "<group>"; };
		8483256E187D589E00365C6F /* WLButtonNode.h */ = {isa = PBXFileReference; fileEncoding = 4; lastKnownFileType = sourcecode.c.h; path = WLButtonNode.h; sourceTree = "<group>"; };
		8483256F187D589E00365C6F /* WLButtonNode.m */ = {isa = PBXFileReference; fileEncoding = 4; lastKnownFileType = sourcecode.c.objc; path = WLButtonNode.m; sourceTree = "<group>"; };
		84832571187D590900365C6F /* WLBuildingNode.h */ = {isa = PBXFileReference; fileEncoding = 4; lastKnownFileType = sourcecode.c.h; path = WLBuildingNode.h; sourceTree = "<group>"; };
		84832572187D590900365C6F /* WLBuildingNode.m */ = {isa = PBXFileReference; fileEncoding = 4; lastKnownFileType = sourcecode.c.objc; path = WLBuildingNode.m; sourceTree = "<group>"; };
		84832574187D59AF00365C6F /* WLGridNode.h */ = {isa = PBXFileReference; fileEncoding = 4; lastKnownFileType = sourcecode.c.h; path = WLGridNode.h; sourceTree = "<group>"; };
		84832575187D59AF00365C6F /* WLGridNode.m */ = {isa = PBXFileReference; fileEncoding = 4; lastKnownFileType = sourcecode.c.objc; path = WLGridNode.m; sourceTree = "<group>"; };
/* End PBXFileReference section */

/* Begin PBXFrameworksBuildPhase section */
		84832521187D52BB00365C6F /* Frameworks */ = {
			isa = PBXFrameworksBuildPhase;
			buildActionMask = 2147483647;
			files = (
				8483252A187D52BB00365C6F /* CoreGraphics.framework in Frameworks */,
				8483252C187D52BB00365C6F /* UIKit.framework in Frameworks */,
				8483252E187D52BB00365C6F /* SpriteKit.framework in Frameworks */,
				84832528187D52BB00365C6F /* Foundation.framework in Frameworks */,
			);
			runOnlyForDeploymentPostprocessing = 0;
		};
		84832549187D52BB00365C6F /* Frameworks */ = {
			isa = PBXFrameworksBuildPhase;
			buildActionMask = 2147483647;
			files = (
				8483254E187D52BB00365C6F /* XCTest.framework in Frameworks */,
				84832550187D52BB00365C6F /* UIKit.framework in Frameworks */,
				8483254F187D52BB00365C6F /* Foundation.framework in Frameworks */,
			);
			runOnlyForDeploymentPostprocessing = 0;
		};
/* End PBXFrameworksBuildPhase section */

/* Begin PBXGroup section */
		060E4B9B187D90350011FC22 /* Utilities */ = {
			isa = PBXGroup;
			children = (
				060E4B9C187D906B0011FC22 /* WLGrapicsUtilitites.h */,
				060E4B9D187D906B0011FC22 /* WLGrapicsUtilitites.m */,
			);
			name = Utilities;
			sourceTree = "<group>";
		};
		060E4B9F187D90A90011FC22 /* Common */ = {
			isa = PBXGroup;
			children = (
				060E4BA0187D90D30011FC22 /* CommonHeader.h */,
			);
			name = Common;
			sourceTree = "<group>";
		};
		841C5E4A187D750000FE3ABD /* TestPNGs */ = {
			isa = PBXGroup;
			children = (
				060E4B99187D8ED40011FC22 /* test_menpai_base.png */,
				841C5E42187D74FB00FE3ABD /* test_bg.png */,
				841C5E43187D74FB00FE3ABD /* test_grid.png */,
				841C5E44187D74FB00FE3ABD /* test_restroom.png */,
				841C5E45187D74FB00FE3ABD /* test_selected.png */,
				84832544187D52BB00365C6F /* Spaceship.png */,
			);
			name = TestPNGs;
			sourceTree = "<group>";
		};
		8483251B187D52BB00365C6F = {
			isa = PBXGroup;
			children = (
				8483252F187D52BB00365C6F /* WuLin */,
				84832553187D52BB00365C6F /* WuLinTests */,
				84832526187D52BB00365C6F /* Frameworks */,
				84832525187D52BB00365C6F /* Products */,
			);
			sourceTree = "<group>";
		};
		84832525187D52BB00365C6F /* Products */ = {
			isa = PBXGroup;
			children = (
				84832524187D52BB00365C6F /* WuLin.app */,
				8483254C187D52BB00365C6F /* WuLinTests.xctest */,
			);
			name = Products;
			sourceTree = "<group>";
		};
		84832526187D52BB00365C6F /* Frameworks */ = {
			isa = PBXGroup;
			children = (
				84832527187D52BB00365C6F /* Foundation.framework */,
				84832529187D52BB00365C6F /* CoreGraphics.framework */,
				8483252B187D52BB00365C6F /* UIKit.framework */,
				8483252D187D52BB00365C6F /* SpriteKit.framework */,
				8483254D187D52BB00365C6F /* XCTest.framework */,
			);
			name = Frameworks;
			sourceTree = "<group>";
		};
		8483252F187D52BB00365C6F /* WuLin */ = {
			isa = PBXGroup;
			children = (
				060E4B9F187D90A90011FC22 /* Common */,
				060E4B9B187D90350011FC22 /* Utilities */,
				84832563187D552500365C6F /* Root */,
				8483256A187D560200365C6F /* Sprites */,
				84832564187D552F00365C6F /* Scenes */,
				84832569187D55EB00365C6F /* Assets */,
				84832530187D52BB00365C6F /* Supporting Files */,
			);
			path = WuLin;
			sourceTree = "<group>";
		};
		84832530187D52BB00365C6F /* Supporting Files */ = {
			isa = PBXGroup;
			children = (
				84832531187D52BB00365C6F /* WuLin-Info.plist */,
				84832532187D52BB00365C6F /* InfoPlist.strings */,
				84832535187D52BB00365C6F /* main.m */,
				84832537187D52BB00365C6F /* WuLin-Prefix.pch */,
			);
			name = "Supporting Files";
			sourceTree = "<group>";
		};
		84832553187D52BB00365C6F /* WuLinTests */ = {
			isa = PBXGroup;
			children = (
				84832559187D52BB00365C6F /* WuLinTests.m */,
				84832554187D52BB00365C6F /* Supporting Files */,
			);
			path = WuLinTests;
			sourceTree = "<group>";
		};
		84832554187D52BB00365C6F /* Supporting Files */ = {
			isa = PBXGroup;
			children = (
				84832555187D52BB00365C6F /* WuLinTests-Info.plist */,
				84832556187D52BB00365C6F /* InfoPlist.strings */,
			);
			name = "Supporting Files";
			sourceTree = "<group>";
		};
		84832563187D552500365C6F /* Root */ = {
			isa = PBXGroup;
			children = (
				84832538187D52BB00365C6F /* WLAppDelegate.h */,
				84832539187D52BB00365C6F /* WLAppDelegate.m */,
				8483253B187D52BB00365C6F /* Main.storyboard */,
				8483253E187D52BB00365C6F /* WLViewController.h */,
				8483253F187D52BB00365C6F /* WLViewController.m */,
			);
			name = Root;
			sourceTree = "<group>";
		};
		84832564187D552F00365C6F /* Scenes */ = {
			isa = PBXGroup;
			children = (
				84832566187D55C500365C6F /* WLLayeredScene.h */,
				84832567187D55C500365C6F /* WLLayeredScene.m */,
				84832541187D52BB00365C6F /* WLMyScene.h */,
				84832542187D52BB00365C6F /* WLMyScene.m */,
			);
			name = Scenes;
			sourceTree = "<group>";
		};
		84832569187D55EB00365C6F /* Assets */ = {
			isa = PBXGroup;
			children = (
				841C5E4A187D750000FE3ABD /* TestPNGs */,
				84832546187D52BB00365C6F /* Images.xcassets */,
			);
			name = Assets;
			sourceTree = "<group>";
		};
		8483256A187D560200365C6F /* Sprites */ = {
			isa = PBXGroup;
			children = (
				8483256B187D569100365C6F /* WLLayerdNode.h */,
				8483256C187D569100365C6F /* WLLayerdNode.m */,
				841C5E3F187D6EC700FE3ABD /* WLMenPai.h */,
				841C5E40187D6EC700FE3ABD /* WLMenPai.m */,
				84832574187D59AF00365C6F /* WLGridNode.h */,
				84832575187D59AF00365C6F /* WLGridNode.m */,
				84832571187D590900365C6F /* WLBuildingNode.h */,
				84832572187D590900365C6F /* WLBuildingNode.m */,
				8483256E187D589E00365C6F /* WLButtonNode.h */,
				8483256F187D589E00365C6F /* WLButtonNode.m */,
			);
			name = Sprites;
			sourceTree = "<group>";
		};
/* End PBXGroup section */

/* Begin PBXNativeTarget section */
		84832523187D52BB00365C6F /* WuLin */ = {
			isa = PBXNativeTarget;
			buildConfigurationList = 8483255D187D52BB00365C6F /* Build configuration list for PBXNativeTarget "WuLin" */;
			buildPhases = (
				84832520187D52BB00365C6F /* Sources */,
				84832521187D52BB00365C6F /* Frameworks */,
				84832522187D52BB00365C6F /* Resources */,
			);
			buildRules = (
			);
			dependencies = (
			);
			name = WuLin;
			productName = WuLin;
			productReference = 84832524187D52BB00365C6F /* WuLin.app */;
			productType = "com.apple.product-type.application";
		};
		8483254B187D52BB00365C6F /* WuLinTests */ = {
			isa = PBXNativeTarget;
			buildConfigurationList = 84832560187D52BB00365C6F /* Build configuration list for PBXNativeTarget "WuLinTests" */;
			buildPhases = (
				84832548187D52BB00365C6F /* Sources */,
				84832549187D52BB00365C6F /* Frameworks */,
				8483254A187D52BB00365C6F /* Resources */,
			);
			buildRules = (
			);
			dependencies = (
				84832552187D52BB00365C6F /* PBXTargetDependency */,
			);
			name = WuLinTests;
			productName = WuLinTests;
			productReference = 8483254C187D52BB00365C6F /* WuLinTests.xctest */;
			productType = "com.apple.product-type.bundle.unit-test";
		};
/* End PBXNativeTarget section */

/* Begin PBXProject section */
		8483251C187D52BB00365C6F /* Project object */ = {
			isa = PBXProject;
			attributes = {
				CLASSPREFIX = WL;
				LastUpgradeCheck = 0500;
				ORGANIZATIONNAME = huangluyang;
				TargetAttributes = {
					8483254B187D52BB00365C6F = {
						TestTargetID = 84832523187D52BB00365C6F;
					};
				};
			};
			buildConfigurationList = 8483251F187D52BB00365C6F /* Build configuration list for PBXProject "WuLin" */;
			compatibilityVersion = "Xcode 3.2";
			developmentRegion = English;
			hasScannedForEncodings = 0;
			knownRegions = (
				en,
				Base,
			);
			mainGroup = 8483251B187D52BB00365C6F;
			productRefGroup = 84832525187D52BB00365C6F /* Products */;
			projectDirPath = "";
			projectRoot = "";
			targets = (
				84832523187D52BB00365C6F /* WuLin */,
				8483254B187D52BB00365C6F /* WuLinTests */,
			);
		};
/* End PBXProject section */

/* Begin PBXResourcesBuildPhase section */
		84832522187D52BB00365C6F /* Resources */ = {
			isa = PBXResourcesBuildPhase;
			buildActionMask = 2147483647;
			files = (
				84832534187D52BB00365C6F /* InfoPlist.strings in Resources */,
				060E4B9A187D8ED40011FC22 /* test_menpai_base.png in Resources */,
				84832547187D52BB00365C6F /* Images.xcassets in Resources */,
				841C5E48187D74FB00FE3ABD /* test_restroom.png in Resources */,
				841C5E46187D74FB00FE3ABD /* test_bg.png in Resources */,
				841C5E49187D74FB00FE3ABD /* test_selected.png in Resources */,
				84832545187D52BB00365C6F /* Spaceship.png in Resources */,
				8483253D187D52BB00365C6F /* Main.storyboard in Resources */,
				841C5E47187D74FB00FE3ABD /* test_grid.png in Resources */,
			);
			runOnlyForDeploymentPostprocessing = 0;
		};
		8483254A187D52BB00365C6F /* Resources */ = {
			isa = PBXResourcesBuildPhase;
			buildActionMask = 2147483647;
			files = (
				84832558187D52BB00365C6F /* InfoPlist.strings in Resources */,
			);
			runOnlyForDeploymentPostprocessing = 0;
		};
/* End PBXResourcesBuildPhase section */

/* Begin PBXSourcesBuildPhase section */
		84832520187D52BB00365C6F /* Sources */ = {
			isa = PBXSourcesBuildPhase;
			buildActionMask = 2147483647;
			files = (
				84832540187D52BB00365C6F /* WLViewController.m in Sources */,
				84832576187D59AF00365C6F /* WLGridNode.m in Sources */,
				841C5E41187D6EC700FE3ABD /* WLMenPai.m in Sources */,
				84832568187D55C500365C6F /* WLLayeredScene.m in Sources */,
				84832573187D590900365C6F /* WLBuildingNode.m in Sources */,
				84832543187D52BB00365C6F /* WLMyScene.m in Sources */,
				84832536187D52BB00365C6F /* main.m in Sources */,
				8483253A187D52BB00365C6F /* WLAppDelegate.m in Sources */,
				8483256D187D569100365C6F /* WLLayerdNode.m in Sources */,
				060E4B9E187D906B0011FC22 /* WLGrapicsUtilitites.m in Sources */,
				84832570187D589E00365C6F /* WLButtonNode.m in Sources */,
			);
			runOnlyForDeploymentPostprocessing = 0;
		};
		84832548187D52BB00365C6F /* Sources */ = {
			isa = PBXSourcesBuildPhase;
			buildActionMask = 2147483647;
			files = (
				8483255A187D52BB00365C6F /* WuLinTests.m in Sources */,
			);
			runOnlyForDeploymentPostprocessing = 0;
		};
/* End PBXSourcesBuildPhase section */

/* Begin PBXTargetDependency section */
		84832552187D52BB00365C6F /* PBXTargetDependency */ = {
			isa = PBXTargetDependency;
			target = 84832523187D52BB00365C6F /* WuLin */;
			targetProxy = 84832551187D52BB00365C6F /* PBXContainerItemProxy */;
		};
/* End PBXTargetDependency section */

/* Begin PBXVariantGroup section */
		84832532187D52BB00365C6F /* InfoPlist.strings */ = {
			isa = PBXVariantGroup;
			children = (
				84832533187D52BB00365C6F /* en */,
			);
			name = InfoPlist.strings;
			sourceTree = "<group>";
		};
		8483253B187D52BB00365C6F /* Main.storyboard */ = {
			isa = PBXVariantGroup;
			children = (
				8483253C187D52BB00365C6F /* Base */,
			);
			name = Main.storyboard;
			sourceTree = "<group>";
		};
		84832556187D52BB00365C6F /* InfoPlist.strings */ = {
			isa = PBXVariantGroup;
			children = (
				84832557187D52BB00365C6F /* en */,
			);
			name = InfoPlist.strings;
			sourceTree = "<group>";
		};
/* End PBXVariantGroup section */

/* Begin XCBuildConfiguration section */
		8483255B187D52BB00365C6F /* Debug */ = {
			isa = XCBuildConfiguration;
			buildSettings = {
				ALWAYS_SEARCH_USER_PATHS = NO;
				ARCHS = "$(ARCHS_STANDARD_INCLUDING_64_BIT)";
				CLANG_CXX_LANGUAGE_STANDARD = "gnu++0x";
				CLANG_CXX_LIBRARY = "libc++";
				CLANG_ENABLE_MODULES = YES;
				CLANG_ENABLE_OBJC_ARC = YES;
				CLANG_WARN_BOOL_CONVERSION = YES;
				CLANG_WARN_CONSTANT_CONVERSION = YES;
				CLANG_WARN_DIRECT_OBJC_ISA_USAGE = YES_ERROR;
				CLANG_WARN_EMPTY_BODY = YES;
				CLANG_WARN_ENUM_CONVERSION = YES;
				CLANG_WARN_INT_CONVERSION = YES;
				CLANG_WARN_OBJC_ROOT_CLASS = YES_ERROR;
				CLANG_WARN__DUPLICATE_METHOD_MATCH = YES;
				"CODE_SIGN_IDENTITY[sdk=iphoneos*]" = "iPhone Developer";
				COPY_PHASE_STRIP = NO;
				GCC_C_LANGUAGE_STANDARD = gnu99;
				GCC_DYNAMIC_NO_PIC = NO;
				GCC_OPTIMIZATION_LEVEL = 0;
				GCC_PREPROCESSOR_DEFINITIONS = (
					"DEBUG=1",
					"$(inherited)",
				);
				GCC_SYMBOLS_PRIVATE_EXTERN = NO;
				GCC_WARN_64_TO_32_BIT_CONVERSION = YES;
				GCC_WARN_ABOUT_RETURN_TYPE = YES_ERROR;
				GCC_WARN_UNDECLARED_SELECTOR = YES;
				GCC_WARN_UNINITIALIZED_AUTOS = YES;
				GCC_WARN_UNUSED_FUNCTION = YES;
				GCC_WARN_UNUSED_VARIABLE = YES;
				IPHONEOS_DEPLOYMENT_TARGET = 7.0;
				ONLY_ACTIVE_ARCH = YES;
				SDKROOT = iphoneos;
			};
			name = Debug;
		};
		8483255C187D52BB00365C6F /* Release */ = {
			isa = XCBuildConfiguration;
			buildSettings = {
				ALWAYS_SEARCH_USER_PATHS = NO;
				ARCHS = "$(ARCHS_STANDARD_INCLUDING_64_BIT)";
				CLANG_CXX_LANGUAGE_STANDARD = "gnu++0x";
				CLANG_CXX_LIBRARY = "libc++";
				CLANG_ENABLE_MODULES = YES;
				CLANG_ENABLE_OBJC_ARC = YES;
				CLANG_WARN_BOOL_CONVERSION = YES;
				CLANG_WARN_CONSTANT_CONVERSION = YES;
				CLANG_WARN_DIRECT_OBJC_ISA_USAGE = YES_ERROR;
				CLANG_WARN_EMPTY_BODY = YES;
				CLANG_WARN_ENUM_CONVERSION = YES;
				CLANG_WARN_INT_CONVERSION = YES;
				CLANG_WARN_OBJC_ROOT_CLASS = YES_ERROR;
				CLANG_WARN__DUPLICATE_METHOD_MATCH = YES;
				"CODE_SIGN_IDENTITY[sdk=iphoneos*]" = "iPhone Developer";
				COPY_PHASE_STRIP = YES;
				ENABLE_NS_ASSERTIONS = NO;
				GCC_C_LANGUAGE_STANDARD = gnu99;
				GCC_WARN_64_TO_32_BIT_CONVERSION = YES;
				GCC_WARN_ABOUT_RETURN_TYPE = YES_ERROR;
				GCC_WARN_UNDECLARED_SELECTOR = YES;
				GCC_WARN_UNINITIALIZED_AUTOS = YES;
				GCC_WARN_UNUSED_FUNCTION = YES;
				GCC_WARN_UNUSED_VARIABLE = YES;
				IPHONEOS_DEPLOYMENT_TARGET = 7.0;
				SDKROOT = iphoneos;
				VALIDATE_PRODUCT = YES;
			};
			name = Release;
		};
		8483255E187D52BB00365C6F /* Debug */ = {
			isa = XCBuildConfiguration;
			buildSettings = {
				ASSETCATALOG_COMPILER_APPICON_NAME = AppIcon;
				ASSETCATALOG_COMPILER_LAUNCHIMAGE_NAME = LaunchImage;
				GCC_PRECOMPILE_PREFIX_HEADER = YES;
				GCC_PREFIX_HEADER = "WuLin/WuLin-Prefix.pch";
				INFOPLIST_FILE = "WuLin/WuLin-Info.plist";
				PRODUCT_NAME = "$(TARGET_NAME)";
				SPRITEKIT_TEXTURE_ATLAS_OUTPUT = YES;
				WRAPPER_EXTENSION = app;
			};
			name = Debug;
		};
		8483255F187D52BB00365C6F /* Release */ = {
			isa = XCBuildConfiguration;
			buildSettings = {
				ASSETCATALOG_COMPILER_APPICON_NAME = AppIcon;
				ASSETCATALOG_COMPILER_LAUNCHIMAGE_NAME = LaunchImage;
				GCC_PRECOMPILE_PREFIX_HEADER = YES;
				GCC_PREFIX_HEADER = "WuLin/WuLin-Prefix.pch";
				INFOPLIST_FILE = "WuLin/WuLin-Info.plist";
				PRODUCT_NAME = "$(TARGET_NAME)";
				SPRITEKIT_TEXTURE_ATLAS_OUTPUT = YES;
				WRAPPER_EXTENSION = app;
			};
			name = Release;
		};
		84832561187D52BB00365C6F /* Debug */ = {
			isa = XCBuildConfiguration;
			buildSettings = {
				ARCHS = "$(ARCHS_STANDARD_INCLUDING_64_BIT)";
				BUNDLE_LOADER = "$(BUILT_PRODUCTS_DIR)/WuLin.app/WuLin";
				FRAMEWORK_SEARCH_PATHS = (
					"$(SDKROOT)/Developer/Library/Frameworks",
					"$(inherited)",
					"$(DEVELOPER_FRAMEWORKS_DIR)",
				);
				GCC_PRECOMPILE_PREFIX_HEADER = YES;
				GCC_PREFIX_HEADER = "WuLin/WuLin-Prefix.pch";
				GCC_PREPROCESSOR_DEFINITIONS = (
					"DEBUG=1",
					"$(inherited)",
				);
				INFOPLIST_FILE = "WuLinTests/WuLinTests-Info.plist";
				PRODUCT_NAME = "$(TARGET_NAME)";
				TEST_HOST = "$(BUNDLE_LOADER)";
				WRAPPER_EXTENSION = xctest;
			};
			name = Debug;
		};
		84832562187D52BB00365C6F /* Release */ = {
			isa = XCBuildConfiguration;
			buildSettings = {
				ARCHS = "$(ARCHS_STANDARD_INCLUDING_64_BIT)";
				BUNDLE_LOADER = "$(BUILT_PRODUCTS_DIR)/WuLin.app/WuLin";
				FRAMEWORK_SEARCH_PATHS = (
					"$(SDKROOT)/Developer/Library/Frameworks",
					"$(inherited)",
					"$(DEVELOPER_FRAMEWORKS_DIR)",
				);
				GCC_PRECOMPILE_PREFIX_HEADER = YES;
				GCC_PREFIX_HEADER = "WuLin/WuLin-Prefix.pch";
				INFOPLIST_FILE = "WuLinTests/WuLinTests-Info.plist";
				PRODUCT_NAME = "$(TARGET_NAME)";
				TEST_HOST = "$(BUNDLE_LOADER)";
				WRAPPER_EXTENSION = xctest;
			};
			name = Release;
		};
/* End XCBuildConfiguration section */

/* Begin XCConfigurationList section */
		8483251F187D52BB00365C6F /* Build configuration list for PBXProject "WuLin" */ = {
			isa = XCConfigurationList;
			buildConfigurations = (
				8483255B187D52BB00365C6F /* Debug */,
				8483255C187D52BB00365C6F /* Release */,
			);
			defaultConfigurationIsVisible = 0;
			defaultConfigurationName = Release;
		};
		8483255D187D52BB00365C6F /* Build configuration list for PBXNativeTarget "WuLin" */ = {
			isa = XCConfigurationList;
			buildConfigurations = (
				8483255E187D52BB00365C6F /* Debug */,
				8483255F187D52BB00365C6F /* Release */,
			);
			defaultConfigurationIsVisible = 0;
			defaultConfigurationName = Release;
		};
		84832560187D52BB00365C6F /* Build configuration list for PBXNativeTarget "WuLinTests" */ = {
			isa = XCConfigurationList;
			buildConfigurations = (
				84832561187D52BB00365C6F /* Debug */,
				84832562187D52BB00365C6F /* Release */,
			);
			defaultConfigurationIsVisible = 0;
			defaultConfigurationName = Release;
		};
/* End XCConfigurationList section */
	};
	rootObject = 8483251C187D52BB00365C6F /* Project object */;
}
